Microsoft Visual Studio Solution File, Format Version 12.00
# Visual Studio Version 17
VisualStudioVersion = 17.9.34607.119
MinimumVisualStudioVersion = 10.0.40219.1
Project("{9A19103F-16F7-4668-BE54-9A1E7A4F7556}") = "Gestion_Certif", "Gestion_Certif\Gestion_Certif.csproj", "{88A8FDEF-D187-4FE7-9488-08CD38209BCB}"
EndProject
Global
	GlobalSection(SolutionConfigurationPlatforms) = preSolution
		Debug|Any CPU = Debug|Any CPU
		Release|Any CPU = Release|Any CPU
	EndGlobalSection
	GlobalSection(ProjectConfigurationPlatforms) = postSolution
		{88A8FDEF-D187-4FE7-9488-08CD38209BCB}.Debug|Any CPU.ActiveCfg = Debug|Any CPU
		{88A8FDEF-D187-4FE7-9488-08CD38209BCB}.Debug|Any CPU.Build.0 = Debug|Any CPU
		{88A8FDEF-D187-4FE7-9488-08CD38209BCB}.Release|Any CPU.ActiveCfg = Release|Any CPU
		{88A8FDEF-D187-4FE7-9488-08CD38209BCB}.Release|Any CPU.Build.0 = Release|Any CPU
	EndGlobalSection
	GlobalSection(SolutionProperties) = preSolution
		HideSolutionNode = FALSE
	EndGlobalSection
	GlobalSection(ExtensibilityGlobals) = postSolution
		SolutionGuid = {55D10219-B2C6-4019-B7C8-7C5DF4DD2B9E}
	EndGlobalSection
EndGlobal
